Microsoft Visual Studio Solution File, Format Version 12.00
# Visual Studio Version 17
VisualStudioVersion = 17.5.2.0
MinimumVisualStudioVersion = 10.0.40219.1
Project("{9A19103F-16F7-4668-BE54-9A1E7A4F7556}") = "DragonbaneCharacterSheetGenerator", "DragonbaneCharacterSheetGenerator.csproj", "{C62B67F6-2208-F73A-20A7-73218CC31C84}"
EndProject
Global
	GlobalSection(SolutionConfigurationPlatforms) = preSolution
		Debug|Any CPU = Debug|Any CPU
		Release|Any CPU = Release|Any CPU
	EndGlobalSection
	GlobalSection(ProjectConfigurationPlatforms) = postSolution
		{C62B67F6-2208-F73A-20A7-73218CC31C84}.Debug|Any CPU.ActiveCfg = Debug|Any CPU
		{C62B67F6-2208-F73A-20A7-73218CC31C84}.Debug|Any CPU.Build.0 = Debug|Any CPU
		{C62B67F6-2208-F73A-20A7-73218CC31C84}.Release|Any CPU.ActiveCfg = Release|Any CPU
		{C62B67F6-2208-F73A-20A7-73218CC31C84}.Release|Any CPU.Build.0 = Release|Any CPU
	EndGlobalSection
	GlobalSection(SolutionProperties) = preSolution
		HideSolutionNode = FALSE
	EndGlobalSection
	GlobalSection(ExtensibilityGlobals) = postSolution
		SolutionGuid = {1B26C435-A737-48A5-BAF7-374F8F0417D4}
	EndGlobalSection
EndGlobal
